
Microsoft Visual Studio Solution File, Format Version 12.00
# Visual Studio Version 17
VisualStudioVersion = 17.3.32922.545
MinimumVisualStudioVersion = 10.0.40219.1
Project("{9092AA53-FB77-4645-B42D-1CCCA6BD08BD}") = "EJS", "NodejsWebApp1\EJS.njsproj", "{29906294-5204-4035-B8A5-F3C6C0F3BBFC}"
EndProject
Global
	GlobalSection(SolutionConfigurationPlatforms) = preSolution
		Debug|Any CPU = Debug|Any CPU
		Release|Any CPU = Release|Any CPU
	EndGlobalSection
	GlobalSection(ProjectConfigurationPlatforms) = postSolution
		{29906294-5204-4035-B8A5-F3C6C0F3BBFC}.Debug|Any CPU.ActiveCfg = Debug|Any CPU
		{29906294-5204-4035-B8A5-F3C6C0F3BBFC}.Debug|Any CPU.Build.0 = Debug|Any CPU
		{29906294-5204-4035-B8A5-F3C6C0F3BBFC}.Release|Any CPU.ActiveCfg = Release|Any CPU
		{29906294-5204-4035-B8A5-F3C6C0F3BBFC}.Release|Any CPU.Build.0 = Release|Any CPU
	EndGlobalSection
	GlobalSection(SolutionProperties) = preSolution
		HideSolutionNode = FALSE
	EndGlobalSection
	GlobalSection(ExtensibilityGlobals) = postSolution
		SolutionGuid = {29C0F59A-FFE4-48D5-97EE-44672D66C38C}
	EndGlobalSection
EndGlobal
